# @generated by Move, please check-in and do not edit manually.

[move]
version = 3
manifest_digest = "3DA996E41569DD2B2120B4F958855F8FD8B7472D1A5A65C5AC7C94ED13DA56CF"
deps_digest = "F8BBB0CCB2491CA29A3DF03D6F92277A4F3574266507ACD77214D37ECA3F3082"
dependencies = [
  { id = "Sui", name = "Sui" },
]

[[move.package]]
id = "MoveStdlib"
source = { git = "https://github.com/MystenLabs/sui.git", rev = "framework/testnet", subdir = "crates/sui-framework/packages/move-stdlib" }

[[move.package]]
id = "Sui"
source = { git = "https://github.com/MystenLabs/sui.git", rev = "framework/testnet", subdir = "crates/sui-framework/packages/sui-framework" }

dependencies = [
  { id = "MoveStdlib", name = "MoveStdlib" },
]

[move.toolchain-version]
compiler-version = "1.44.3"
edition = "2024.beta"
flavor = "sui"

[env]

[env.local]
chain-id = "5bc2e491"
original-published-id = "0xaf3f1b97e5c7f7379002c1f79d6631d5b88f7bf55ff3660c30e9d65c3afc5554"
latest-published-id = "0xaf3f1b97e5c7f7379002c1f79d6631d5b88f7bf55ff3660c30e9d65c3afc5554"
published-version = "1"

[env.devnet]
chain-id = "8d119d9c"
original-published-id = "0x33ef3973c00495d48aa106e7cd531a8efc703a7c3b5bd1a4f2316fca5ad135ae"
latest-published-id = "0x33ef3973c00495d48aa106e7cd531a8efc703a7c3b5bd1a4f2316fca5ad135ae"
published-version = "1"
